// !$*UTF8*$!
{
	archiveVersion = 1;
	classes = {
	};
	objectVersion = 50;
	objects = {

/* Begin PBXBuildFile section */
		7004CF7824ADF8CE005E0416 /* AppDelegate.swift in Sources */ = {isa = PBXBuildFile; fileRef = 7004CF7724ADF8CE005E0416 /* AppDelegate.swift */; };
		7004CF7A24ADF8CE005E0416 /* SceneDelegate.swift in Sources */ = {isa = PBXBuildFile; fileRef = 7004CF7924ADF8CE005E0416 /* SceneDelegate.swift */; };
		7004CF7C24ADF8CE005E0416 /* ContentView.swift in Sources */ = {isa = PBXBuildFile; fileRef = 7004CF7B24ADF8CE005E0416 /* ContentView.swift */; };
		7004CF7E24ADF8D1005E0416 /* Assets.xcassets in Resources */ = {isa = PBXBuildFile; fileRef = 7004CF7D24ADF8D1005E0416 /* Assets.xcassets */; };
		7004CF8124ADF8D1005E0416 /* Preview Assets.xcassets in Resources */ = {isa = PBXBuildFile; fileRef = 7004CF8024ADF8D1005E0416 /* Preview Assets.xcassets */; };
		7004CF8424ADF8D1005E0416 /* LaunchScreen.storyboard in Resources */ = {isa = PBXBuildFile; fileRef = 7004CF8224ADF8D1005E0416 /* LaunchScreen.storyboard */; };
		7004CF8C24ADFCC0005E0416 /* PostCell.swift in Sources */ = {isa = PBXBuildFile; fileRef = 7004CF8B24ADFCC0005E0416 /* PostCell.swift */; };
		7004CFE124AE0235005E0416 /* 8697cf1ely8gashxj3b09j20u00u040v.jpg in Resources */ = {isa = PBXBuildFile; fileRef = 7004CF8E24AE0234005E0416 /* 8697cf1ely8gashxj3b09j20u00u040v.jpg */; };
		7004CFE224AE0235005E0416 /* d0c21786ly1gavj2c0kcej20c8096dh7.jpg in Resources */ = {isa = PBXBuildFile; fileRef = 7004CF8F24AE0234005E0416 /* d0c21786ly1gavj2c0kcej20c8096dh7.jpg */; };
		7004CFE324AE0235005E0416 /* 6ec3b446jw1e8qgp5bmzyj2050050aa8.jpg in Resources */ = {isa = PBXBuildFile; fileRef = 7004CF9024AE0234005E0416 /* 6ec3b446jw1e8qgp5bmzyj2050050aa8.jpg */; };
		7004CFE424AE0235005E0416 /* 8a0b5544jw1e8qgp5bmzyj2050050aa8.jpg in Resources */ = {isa = PBXBuildFile; fileRef = 7004CF9124AE0234005E0416 /* 8a0b5544jw1e8qgp5bmzyj2050050aa8.jpg */; };
		7004CFE524AE0235005E0416 /* bca7fdafly1gax1gqdg6qj20c80avdgl.jpg in Resources */ = {isa = PBXBuildFile; fileRef = 7004CF9224AE0234005E0416 /* bca7fdafly1gax1gqdg6qj20c80avdgl.jpg */; };
		7004CFE624AE0235005E0416 /* 9dc7402fjw1e8qgp5bmzyj2050050aa8.jpg in Resources */ = {isa = PBXBuildFile; fileRef = 7004CF9324AE0234005E0416 /* 9dc7402fjw1e8qgp5bmzyj2050050aa8.jpg */; };
		7004CFE724AE0235005E0416 /* eb5c94aegy1gav25n5ibjj20zk1h8wuu.jpg in Resources */ = {isa = PBXBuildFile; fileRef = 7004CF9424AE0234005E0416 /* eb5c94aegy1gav25n5ibjj20zk1h8wuu.jpg */; };
		7004CFE824AE0235005E0416 /* 006gWxMEly1gavap8dywoj30hs0bwq48.jpg in Resources */ = {isa = PBXBuildFile; fileRef = 7004CF9524AE0234005E0416 /* 006gWxMEly1gavap8dywoj30hs0bwq48.jpg */; };
		7004CFE924AE0235005E0416 /* 630584a6gy1gau54zl806j20m80etmzo.jpg in Resources */ = {isa = PBXBuildFile; fileRef = 7004CF9624AE0234005E0416 /* 630584a6gy1gau54zl806j20m80etmzo.jpg */; };
		7004CFEA24AE0235005E0416 /* 9dc7402fgy1gavd38wwlrj20j60nyq6y.jpg in Resources */ = {isa = PBXBuildFile; fileRef = 7004CF9724AE0234005E0416 /* 9dc7402fgy1gavd38wwlrj20j60nyq6y.jpg */; };
		7004CFEB24AE0235005E0416 /* 8a0b5544gy1gauy2flua6j20u00hitab.jpg in Resources */ = {isa = PBXBuildFile; fileRef = 7004CF9824AE0234005E0416 /* 8a0b5544gy1gauy2flua6j20u00hitab.jpg */; };
		7004CFEC24AE0235005E0416 /* 7f9147a5ly1fzxlh4ovuej20e90fl4fo.jpg in Resources */ = {isa = PBXBuildFile; fileRef = 7004CF9924AE0234005E0416 /* 7f9147a5ly1fzxlh4ovuej20e90fl4fo.jpg */; };
		7004CFED24AE0235005E0416 /* 7f9147a5ly1fzxlgxgzpij20e90fltsj.jpg in Resources */ = {isa = PBXBuildFile; fileRef = 7004CF9A24AE0234005E0416 /* 7f9147a5ly1fzxlgxgzpij20e90fltsj.jpg */; };
		7004CFEE24AE0235005E0416 /* 76297935ly1gatz8obqvkj22c0340npe.jpg in Resources */ = {isa = PBXBuildFile; fileRef = 7004CF9B24AE0234005E0416 /* 76297935ly1gatz8obqvkj22c0340npe.jpg */; };
		7004CFEF24AE0235005E0416 /* d0c21786ly8fsax1ftiifj20ro0ro43g.jpg in Resources */ = {isa = PBXBuildFile; fileRef = 7004CF9C24AE0234005E0416 /* d0c21786ly8fsax1ftiifj20ro0ro43g.jpg */; };
		7004CFF024AE0235005E0416 /* 9dc7402fgy1gavd38kqjtj20j60nyn1d.jpg in Resources */ = {isa = PBXBuildFile; fileRef = 7004CF9D24AE0234005E0416 /* 9dc7402fgy1gavd38kqjtj20j60nyn1d.jpg */; };
		7004CFF124AE0235005E0416 /* 6a2afec3gy1gaulykcejqj20t5145wns.jpg in Resources */ = {isa = PBXBuildFile; fileRef = 7004CF9E24AE0234005E0416 /* 6a2afec3gy1gaulykcejqj20t5145wns.jpg */; };
		7004CFF224AE0235005E0416 /* 4e7f0c83gy1gam2mp0x4pj22tc240u0x.jpg in Resources */ = {isa = PBXBuildFile; fileRef = 7004CF9F24AE0234005E0416 /* 4e7f0c83gy1gam2mp0x4pj22tc240u0x.jpg */; };
		7004CFF324AE0235005E0416 /* c5aa834fgy1gauzrb7s5ej20tz13qh5x.jpg in Resources */ = {isa = PBXBuildFile; fileRef = 7004CFA024AE0234005E0416 /* c5aa834fgy1gauzrb7s5ej20tz13qh5x.jpg */; };
		7004CFF424AE0235005E0416 /* 700a34f6gy1gaunswxtlrj20j60pkgok.jpg in Resources */ = {isa = PBXBuildFile; fileRef = 7004CFA124AE0234005E0416 /* 700a34f6gy1gaunswxtlrj20j60pkgok.jpg */; };
		7004CFF524AE0235005E0416 /* 8a0b5544gy1gauy2ex786j20u0129aed.jpg in Resources */ = {isa = PBXBuildFile; fileRef = 7004CFA224AE0234005E0416 /* 8a0b5544gy1gauy2ex786j20u0129aed.jpg */; };
		7004CFF624AE0235005E0416 /* 76297935ly1gatz89dzblj23402c0qv6.jpg in Resources */ = {isa = PBXBuildFile; fileRef = 7004CFA324AE0234005E0416 /* 76297935ly1gatz89dzblj23402c0qv6.jpg */; };
		7004CFF724AE0235005E0416 /* 700a34f6gy1gaunswy5qnj20j60pkadk.jpg in Resources */ = {isa = PBXBuildFile; fileRef = 7004CFA424AE0234005E0416 /* 700a34f6gy1gaunswy5qnj20j60pkadk.jpg */; };
		7004CFF824AE0235005E0416 /* bca7fdafgw1ekhkps65b1j2050050dg4.jpg in Resources */ = {isa = PBXBuildFile; fileRef = 7004CFA524AE0234005E0416 /* bca7fdafgw1ekhkps65b1j2050050dg4.jpg */; };
		7004CFF924AE0235005E0416 /* PostListData_recommend_1.json in Resources */ = {isa = PBXBuildFile; fileRef = 7004CFA624AE0234005E0416 /* PostListData_recommend_1.json */; };
		7004CFFA24AE0235005E0416 /* 006gWxMEly8g0bjpl3ynij30kv0kv773.jpg in Resources */ = {isa = PBXBuildFile; fileRef = 7004CFA724AE0234005E0416 /* 006gWxMEly8g0bjpl3ynij30kv0kv773.jpg */; };
		7004CFFB24AE0235005E0416 /* 6ec3b446gy1gavd51jc4lj20j60pmwhl.jpg in Resources */ = {isa = PBXBuildFile; fileRef = 7004CFA824AE0234005E0416 /* 6ec3b446gy1gavd51jc4lj20j60pmwhl.jpg */; };
		7004CFFC24AE0235005E0416 /* 006gWxMEly1gavap88gttj30hs0a0dgf.jpg in Resources */ = {isa = PBXBuildFile; fileRef = 7004CFA924AE0234005E0416 /* 006gWxMEly1gavap88gttj30hs0a0dgf.jpg */; };
		7004CFFD24AE0235005E0416 /* 4e7f0c83gy1gam2ml6nucj22tc240kjl.jpg in Resources */ = {isa = PBXBuildFile; fileRef = 7004CFAA24AE0234005E0416 /* 4e7f0c83gy1gam2ml6nucj22tc240kjl.jpg */; };
		7004CFFE24AE0235005E0416 /* 4e7f0c83gy1gam2misv31j21hc0u016k.jpg in Resources */ = {isa = PBXBuildFile; fileRef = 7004CFAB24AE0234005E0416 /* 4e7f0c83gy1gam2misv31j21hc0u016k.jpg */; };
		7004CFFF24AE0235005E0416 /* 8a0b5544gy1gauy2gmkg9j20u00gegnp.jpg in Resources */ = {isa = PBXBuildFile; fileRef = 7004CFAC24AE0234005E0416 /* 8a0b5544gy1gauy2gmkg9j20u00gegnp.jpg */; };
		7004D00024AE0235005E0416 /* 006gWxMEly1gavap8vsqaj30hs0bwgm6.jpg in Resources */ = {isa = PBXBuildFile; fileRef = 7004CFAD24AE0234005E0416 /* 006gWxMEly1gavap8vsqaj30hs0bwgm6.jpg */; };
		7004D00124AE0235005E0416 /* 648ed25bjw8est9nqrtnij20500503yr.jpg in Resources */ = {isa = PBXBuildFile; fileRef = 7004CFAE24AE0234005E0416 /* 648ed25bjw8est9nqrtnij20500503yr.jpg */; };
		7004D00224AE0235005E0416 /* eb5c94aegy1gav25ox6dvj20u00k1go9.jpg in Resources */ = {isa = PBXBuildFile; fileRef = 7004CFAF24AE0234005E0416 /* eb5c94aegy1gav25ox6dvj20u00k1go9.jpg */; };
		7004D00324AE0235005E0416 /* 8a0b5544gy1gauy2g35yoj20u00fomzf.jpg in Resources */ = {isa = PBXBuildFile; fileRef = 7004CFB024AE0234005E0416 /* 8a0b5544gy1gauy2g35yoj20u00fomzf.jpg */; };
		7004D00424AE0235005E0416 /* 006PdkDoly8ffywe2fq39j304g04gwed.jpg in Resources */ = {isa = PBXBuildFile; fileRef = 7004CFB124AE0234005E0416 /* 006PdkDoly8ffywe2fq39j304g04gwed.jpg */; };
		7004D00524AE0235005E0416 /* 700a34f6gy1gaunsxgzixj20j60edmz8.jpg in Resources */ = {isa = PBXBuildFile; fileRef = 7004CFB224AE0234005E0416 /* 700a34f6gy1gaunsxgzixj20j60edmz8.jpg */; };
		7004D00624AE0235005E0416 /* bca7fdafly1gax1gqdnboj20c80atmxp.jpg in Resources */ = {isa = PBXBuildFile; fileRef = 7004CFB324AE0234005E0416 /* bca7fdafly1gax1gqdnboj20c80atmxp.jpg */; };
		7004D00724AE0235005E0416 /* c5aa834fgy1gauzr6venkj20u01hc12f.jpg in Resources */ = {isa = PBXBuildFile; fileRef = 7004CFB424AE0234005E0416 /* c5aa834fgy1gauzr6venkj20u01hc12f.jpg */; };
		7004D00824AE0235005E0416 /* 7f9147a5ly1fzxlh6hzdnj20e90fl7me.jpg in Resources */ = {isa = PBXBuildFile; fileRef = 7004CFB524AE0234005E0416 /* 7f9147a5ly1fzxlh6hzdnj20e90fl7me.jpg */; };
		7004D00924AE0235005E0416 /* 630584a6gy1gau54zm4dtj20m80dftbv.jpg in Resources */ = {isa = PBXBuildFile; fileRef = 7004CFB624AE0234005E0416 /* 630584a6gy1gau54zm4dtj20m80dftbv.jpg */; };
		7004D00A24AE0235005E0416 /* c5aa834fgy1gauzr86bp5j20pb0w47in.jpg in Resources */ = {isa = PBXBuildFile; fileRef = 7004CFB724AE0234005E0416 /* c5aa834fgy1gauzr86bp5j20pb0w47in.jpg */; };
		7004D00B24AE0235005E0416 /* 9dc7402fgy1gavd39ba15j20j60nywii.jpg in Resources */ = {isa = PBXBuildFile; fileRef = 7004CFB824AE0234005E0416 /* 9dc7402fgy1gavd39ba15j20j60nywii.jpg */; };
		7004D00C24AE0235005E0416 /* bca7fdafly1gax1gqfgsjj20c80axaay.jpg in Resources */ = {isa = PBXBuildFile; fileRef = 7004CFB924AE0234005E0416 /* bca7fdafly1gax1gqfgsjj20c80axaay.jpg */; };
		7004D00D24AE0235005E0416 /* c5aa834fly8g97m8ix9lcj20re0regnk.jpg in Resources */ = {isa = PBXBuildFile; fileRef = 7004CFBA24AE0234005E0416 /* c5aa834fly8g97m8ix9lcj20re0regnk.jpg */; };
		7004D00E24AE0235005E0416 /* 700a34f6ly8g9a29rjt92j20fn0iqdg8.jpg in Resources */ = {isa = PBXBuildFile; fileRef = 7004CFBB24AE0234005E0416 /* 700a34f6ly8g9a29rjt92j20fn0iqdg8.jpg */; };
		7004D00F24AE0235005E0416 /* d0c21786ly1gavj2cdrkyj20c80720tg.jpg in Resources */ = {isa = PBXBuildFile; fileRef = 7004CFBC24AE0234005E0416 /* d0c21786ly1gavj2cdrkyj20c80720tg.jpg */; };
		7004D01024AE0235005E0416 /* bca7fdafly1gax1gqehdaj20c80atq3x.jpg in Resources */ = {isa = PBXBuildFile; fileRef = 7004CFBD24AE0234005E0416 /* bca7fdafly1gax1gqehdaj20c80atq3x.jpg */; };
		7004D01124AE0235005E0416 /* d0c21786ly1gavj2d17d9j20c808zq3r.jpg in Resources */ = {isa = PBXBuildFile; fileRef = 7004CFBE24AE0234005E0416 /* d0c21786ly1gavj2d17d9j20c808zq3r.jpg */; };
		7004D01224AE0235005E0416 /* 8a0b5544gy1gauy2gz000j20u00n6wgj.jpg in Resources */ = {isa = PBXBuildFile; fileRef = 7004CFBF24AE0234005E0416 /* 8a0b5544gy1gauy2gz000j20u00n6wgj.jpg */; };
		7004D01324AE0235005E0416 /* 006PdkDogy1gap6ngj12ej30u011itf7.jpg in Resources */ = {isa = PBXBuildFile; fileRef = 7004CFC024AE0234005E0416 /* 006PdkDogy1gap6ngj12ej30u011itf7.jpg */; };
		7004D01424AE0235005E0416 /* 700a34f6gy1gaunsx2jywj20j60pkaeu.jpg in Resources */ = {isa = PBXBuildFile; fileRef = 7004CFC124AE0234005E0416 /* 700a34f6gy1gaunsx2jywj20j60pkaeu.jpg */; };
		7004D01524AE0235005E0416 /* 4e7f0c83gy1gam2mr1b81j22tc2407wi.jpg in Resources */ = {isa = PBXBuildFile; fileRef = 7004CFC224AE0234005E0416 /* 4e7f0c83gy1gam2mr1b81j22tc2407wi.jpg */; };
		7004D01624AE0235005E0416 /* 6a2afec3jw8fb4ld0qf2gj20e80dsdfz.jpg in Resources */ = {isa = PBXBuildFile; fileRef = 7004CFC324AE0234005E0416 /* 6a2afec3jw8fb4ld0qf2gj20e80dsdfz.jpg */; };
		7004D01724AE0235005E0416 /* bca7fdafly1gax1gqd9vmj20c80ayaam.jpg in Resources */ = {isa = PBXBuildFile; fileRef = 7004CFC424AE0234005E0416 /* bca7fdafly1gax1gqd9vmj20c80ayaam.jpg */; };
		7004D01824AE0235005E0416 /* 8a0b5544gy1gauy2hcozsj20u01czdiy.jpg in Resources */ = {isa = PBXBuildFile; fileRef = 7004CFC524AE0234005E0416 /* 8a0b5544gy1gauy2hcozsj20u01czdiy.jpg */; };
		7004D01924AE0235005E0416 /* c5aa834fgy1gauzr95r6fj20tw0l3dq4.jpg in Resources */ = {isa = PBXBuildFile; fileRef = 7004CFC624AE0234005E0416 /* c5aa834fgy1gauzr95r6fj20tw0l3dq4.jpg */; };
		7004D01A24AE0235005E0416 /* 006PdkDogy1gap6ngiyn3j30u011idle.jpg in Resources */ = {isa = PBXBuildFile; fileRef = 7004CFC724AE0234005E0416 /* 006PdkDogy1gap6ngiyn3j30u011idle.jpg */; };
		7004D01B24AE0235005E0416 /* d0c21786ly1gavj2btv6tj20c80790tg.jpg in Resources */ = {isa = PBXBuildFile; fileRef = 7004CFC824AE0234005E0416 /* d0c21786ly1gavj2btv6tj20c80790tg.jpg */; };
		7004D01C24AE0235005E0416 /* PostListData_hot_1.json in Resources */ = {isa = PBXBuildFile; fileRef = 7004CFC924AE0234005E0416 /* PostListData_hot_1.json */; };
		7004D01D24AE0235005E0416 /* eb5c94aely8fmvumnl9baj20v90v9q49.jpg in Resources */ = {isa = PBXBuildFile; fileRef = 7004CFCA24AE0234005E0416 /* eb5c94aely8fmvumnl9baj20v90v9q49.jpg */; };
		7004D01E24AE0235005E0416 /* 630584a6ly8fqs5wwkkmrj20ku0kuta7.jpg in Resources */ = {isa = PBXBuildFile; fileRef = 7004CFCB24AE0234005E0416 /* 630584a6ly8fqs5wwkkmrj20ku0kuta7.jpg */; };
		7004D01F24AE0235005E0416 /* d0c21786ly1gavj2cowp9j20c8083ab4.jpg in Resources */ = {isa = PBXBuildFile; fileRef = 7004CFCC24AE0234005E0416 /* d0c21786ly1gavj2cowp9j20c8083ab4.jpg */; };
		7004D02024AE0235005E0416 /* 9dc7402fgy1gavd367p0pj20j60nywic.jpg in Resources */ = {isa = PBXBuildFile; fileRef = 7004CFCD24AE0234005E0416 /* 9dc7402fgy1gavd367p0pj20j60nywic.jpg */; };
		7004D02124AE0235005E0416 /* 006gWxMEly1gavap86qr9j30ht0qo40t.jpg in Resources */ = {isa = PBXBuildFile; fileRef = 7004CFCE24AE0234005E0416 /* 006gWxMEly1gavap86qr9j30ht0qo40t.jpg */; };
		7004D02224AE0235005E0416 /* 76297935ly1gatz8k5itij22c02c01ky.jpg in Resources */ = {isa = PBXBuildFile; fileRef = 7004CFCF24AE0234005E0416 /* 76297935ly1gatz8k5itij22c02c01ky.jpg */; };
		7004D02324AE0235005E0416 /* 76297935ly1gatz8g5rvxj22c03401kz.jpg in Resources */ = {isa = PBXBuildFile; fileRef = 7004CFD024AE0234005E0416 /* 76297935ly1gatz8g5rvxj22c03401kz.jpg */; };
		7004D02424AE0235005E0416 /* 700a34f6gy1gaunsxhp4pj20j60pkn1k.jpg in Resources */ = {isa = PBXBuildFile; fileRef = 7004CFD124AE0234005E0416 /* 700a34f6gy1gaunsxhp4pj20j60pkn1k.jpg */; };
		7004D02524AE0235005E0416 /* eb5c94aegy1gav2509cp5j20zk0k0n2j.jpg in Resources */ = {isa = PBXBuildFile; fileRef = 7004CFD224AE0234005E0416 /* eb5c94aegy1gav2509cp5j20zk0k0n2j.jpg */; };
		7004D02624AE0235005E0416 /* 4e7f0c83gy1gam2mn58d3j22tc240qv5.jpg in Resources */ = {isa = PBXBuildFile; fileRef = 7004CFD324AE0234005E0416 /* 4e7f0c83gy1gam2mn58d3j22tc240qv5.jpg */; };
		7004D02724AE0235005E0416 /* eb5c94aegy1gav26fycwlj20zk1h8drh.jpg in Resources */ = {isa = PBXBuildFile; fileRef = 7004CFD424AE0235005E0416 /* eb5c94aegy1gav26fycwlj20zk1h8drh.jpg */; };
		7004D02824AE0235005E0416 /* 630584a6gy1gau54zyj61j20m80etn07.jpg in Resources */ = {isa = PBXBuildFile; fileRef = 7004CFD524AE0235005E0416 /* 630584a6gy1gau54zyj61j20m80etn07.jpg */; };
		7004D02924AE0235005E0416 /* c5aa834fgy1gauzr8ok78j20tz12fk8w.jpg in Resources */ = {isa = PBXBuildFile; fileRef = 7004CFD624AE0235005E0416 /* c5aa834fgy1gauzr8ok78j20tz12fk8w.jpg */; };
		7004D02A24AE0235005E0416 /* 76297935ly8g4phfkq68hj20u00u0mzt.jpg in Resources */ = {isa = PBXBuildFile; fileRef = 7004CFD724AE0235005E0416 /* 76297935ly8g4phfkq68hj20u00u0mzt.jpg */; };
		7004D02B24AE0235005E0416 /* 9dc7402fgy1gavd37l9nwj20j60ny44q.jpg in Resources */ = {isa = PBXBuildFile; fileRef = 7004CFD824AE0235005E0416 /* 9dc7402fgy1gavd37l9nwj20j60ny44q.jpg */; };
		7004D02C24AE0235005E0416 /* 700a34f6gy1gaunswwui7j20j60pl78e.jpg in Resources */ = {isa = PBXBuildFile; fileRef = 7004CFD924AE0235005E0416 /* 700a34f6gy1gaunswwui7j20j60pl78e.jpg */; };
		7004D02D24AE0235005E0416 /* 630584a6gy1gau54zgaxhj20m80et0vq.jpg in Resources */ = {isa = PBXBuildFile; fileRef = 7004CFDA24AE0235005E0416 /* 630584a6gy1gau54zgaxhj20m80et0vq.jpg */; };
		7004D02E24AE0235005E0416 /* 4e7f0c83gy1gam2mjhk8zj21hc0v6wnx.jpg in Resources */ = {isa = PBXBuildFile; fileRef = 7004CFDB24AE0235005E0416 /* 4e7f0c83gy1gam2mjhk8zj21hc0v6wnx.jpg */; };
		7004D02F24AE0235005E0416 /* 6ec3b446gy1gavd4xud8lj20j60qkwj0.jpg in Resources */ = {isa = PBXBuildFile; fileRef = 7004CFDC24AE0235005E0416 /* 6ec3b446gy1gavd4xud8lj20j60qkwj0.jpg */; };
		7004D03024AE0235005E0416 /* 4e7f0c83ly8g1ho507078j20ro0rojtq.jpg in Resources */ = {isa = PBXBuildFile; fileRef = 7004CFDD24AE0235005E0416 /* 4e7f0c83ly8g1ho507078j20ro0rojtq.jpg */; };
		7004D03124AE0235005E0416 /* bca7fdafly1gax1gqdhouj20c80axaam.jpg in Resources */ = {isa = PBXBuildFile; fileRef = 7004CFDE24AE0235005E0416 /* bca7fdafly1gax1gqdhouj20c80axaam.jpg */; };
		7004D03224AE0235005E0416 /* 6ec3b446gy1gavd523embj20j60pytd6.jpg in Resources */ = {isa = PBXBuildFile; fileRef = 7004CFDF24AE0235005E0416 /* 6ec3b446gy1gavd523embj20j60pytd6.jpg */; };
		7004D03324AE0235005E0416 /* 005tnxzUly8gab4i2r73xj30u00u0js8.jpg in Resources */ = {isa = PBXBuildFile; fileRef = 7004CFE024AE0235005E0416 /* 005tnxzUly8gab4i2r73xj30u00u0js8.jpg */; };
		7004D03524AE06F4005E0416 /* PostVIPBadge.swift in Sources */ = {isa = PBXBuildFile; fileRef = 7004D03424AE06F4005E0416 /* PostVIPBadge.swift */; };
		7004D03724AE07ED005E0416 /* Post.swift in Sources */ = {isa = PBXBuildFile; fileRef = 7004D03624AE07ED005E0416 /* Post.swift */; };
		7004D03924AF2A16005E0416 /* PostCellToolbarButton.swift in Sources */ = {isa = PBXBuildFile; fileRef = 7004D03824AF2A16005E0416 /* PostCellToolbarButton.swift */; };
		7004D03B24AF36A8005E0416 /* PostListView.swift in Sources */ = {isa = PBXBuildFile; fileRef = 7004D03A24AF36A8005E0416 /* PostListView.swift */; };
		7004D03D24AF4229005E0416 /* PostImageCell.swift in Sources */ = {isa = PBXBuildFile; fileRef = 7004D03C24AF4229005E0416 /* PostImageCell.swift */; };
		7004D03F24AF50EA005E0416 /* PostDetailView.swift in Sources */ = {isa = PBXBuildFile; fileRef = 7004D03E24AF50EA005E0416 /* PostDetailView.swift */; };
		703B54D224B0B48600EA4C75 /* HomeNavigationBar.swift in Sources */ = {isa = PBXBuildFile; fileRef = 703B54D124B0B48600EA4C75 /* HomeNavigationBar.swift */; };
		703B54D424B0C77900EA4C75 /* HomeView.swift in Sources */ = {isa = PBXBuildFile; fileRef = 703B54D324B0C77900EA4C75 /* HomeView.swift */; };
		7063930024B1C029002BF4AC /* UserData.swift in Sources */ = {isa = PBXBuildFile; fileRef = 706392FF24B1C029002BF4AC /* UserData.swift */; };
		7095F6AD24B464A300FE9429 /* HScrollViewController.swift in Sources */ = {isa = PBXBuildFile; fileRef = 7095F6AC24B464A300FE9429 /* HScrollViewController.swift */; };
/* End PBXBuildFile section */

/* Begin PBXFileReference section */
		7004CF7424ADF8CE005E0416 /* Weibo.app */ = {isa = PBXFileReference; explicitFileType = wrapper.application; includeInIndex = 0; path = Weibo.app; sourceTree = BUILT_PRODUCTS_DIR; };
		7004CF7724ADF8CE005E0416 /* AppDelegate.swift */ = {isa = PBXFileReference; lastKnownFileType = sourcecode.swift; path = AppDelegate.swift; sourceTree = "<group>"; };
		7004CF7924ADF8CE005E0416 /* SceneDelegate.swift */ = {isa = PBXFileReference; lastKnownFileType = sourcecode.swift; path = SceneDelegate.swift; sourceTree = "<group>"; };
		7004CF7B24ADF8CE005E0416 /* ContentView.swift */ = {isa = PBXFileReference; lastKnownFileType = sourcecode.swift; path = ContentView.swift; sourceTree = "<group>"; };
		7004CF7D24ADF8D1005E0416 /* Assets.xcassets */ = {isa = PBXFileReference; lastKnownFileType = folder.assetcatalog; path = Assets.xcassets; sourceTree = "<group>"; };
		7004CF8024ADF8D1005E0416 /* Preview Assets.xcassets */ = {isa = PBXFileReference; lastKnownFileType = folder.assetcatalog; path = "Preview Assets.xcassets"; sourceTree = "<group>"; };
		7004CF8324ADF8D1005E0416 /* Base */ = {isa = PBXFileReference; lastKnownFileType = file.storyboard; name = Base; path = Base.lproj/LaunchScreen.storyboard; sourceTree = "<group>"; };
		7004CF8524ADF8D1005E0416 /* Info.plist */ = {isa = PBXFileReference; lastKnownFileType = text.plist.xml; path = Info.plist; sourceTree = "<group>"; };
		7004CF8B24ADFCC0005E0416 /* PostCell.swift */ = {isa = PBXFileReference; lastKnownFileType = sourcecode.swift; path = PostCell.swift; sourceTree = "<group>"; };
		7004CF8E24AE0234005E0416 /* 8697cf1ely8gashxj3b09j20u00u040v.jpg */ = {isa = PBXFileReference; lastKnownFileType = image.jpeg; path = 8697cf1ely8gashxj3b09j20u00u040v.jpg; sourceTree = "<group>"; };
		7004CF8F24AE0234005E0416 /* d0c21786ly1gavj2c0kcej20c8096dh7.jpg */ = {isa = PBXFileReference; lastKnownFileType = image.jpeg; path = d0c21786ly1gavj2c0kcej20c8096dh7.jpg; sourceTree = "<group>"; };
		7004CF9024AE0234005E0416 /* 6ec3b446jw1e8qgp5bmzyj2050050aa8.jpg */ = {isa = PBXFileReference; lastKnownFileType = image.jpeg; path = 6ec3b446jw1e8qgp5bmzyj2050050aa8.jpg; sourceTree = "<group>"; };
		7004CF9124AE0234005E0416 /* 8a0b5544jw1e8qgp5bmzyj2050050aa8.jpg */ = {isa = PBXFileReference; lastKnownFileType = image.jpeg; path = 8a0b5544jw1e8qgp5bmzyj2050050aa8.jpg; sourceTree = "<group>"; };
		7004CF9224AE0234005E0416 /* bca7fdafly1gax1gqdg6qj20c80avdgl.jpg */ = {isa = PBXFileReference; lastKnownFileType = image.jpeg; path = bca7fdafly1gax1gqdg6qj20c80avdgl.jpg; sourceTree = "<group>"; };
		7004CF9324AE0234005E0416 /* 9dc7402fjw1e8qgp5bmzyj2050050aa8.jpg */ = {isa = PBXFileReference; lastKnownFileType = image.jpeg; path = 9dc7402fjw1e8qgp5bmzyj2050050aa8.jpg; sourceTree = "<group>"; };
		7004CF9424AE0234005E0416 /* eb5c94aegy1gav25n5ibjj20zk1h8wuu.jpg */ = {isa = PBXFileReference; lastKnownFileType = image.jpeg; path = eb5c94aegy1gav25n5ibjj20zk1h8wuu.jpg; sourceTree = "<group>"; };
		7004CF9524AE0234005E0416 /* 006gWxMEly1gavap8dywoj30hs0bwq48.jpg */ = {isa = PBXFileReference; lastKnownFileType = image.jpeg; path = 006gWxMEly1gavap8dywoj30hs0bwq48.jpg; sourceTree = "<group>"; };
		7004CF9624AE0234005E0416 /* 630584a6gy1gau54zl806j20m80etmzo.jpg */ = {isa = PBXFileReference; lastKnownFileType = image.jpeg; path = 630584a6gy1gau54zl806j20m80etmzo.jpg; sourceTree = "<group>"; };
		7004CF9724AE0234005E0416 /* 9dc7402fgy1gavd38wwlrj20j60nyq6y.jpg */ = {isa = PBXFileReference; lastKnownFileType = image.jpeg; path = 9dc7402fgy1gavd38wwlrj20j60nyq6y.jpg; sourceTree = "<group>"; };
		7004CF9824AE0234005E0416 /* 8a0b5544gy1gauy2flua6j20u00hitab.jpg */ = {isa = PBXFileReference; lastKnownFileType = image.jpeg; path = 8a0b5544gy1gauy2flua6j20u00hitab.jpg; sourceTree = "<group>"; };
		7004CF9924AE0234005E0416 /* 7f9147a5ly1fzxlh4ovuej20e90fl4fo.jpg */ = {isa = PBXFileReference; lastKnownFileType = image.jpeg; path = 7f9147a5ly1fzxlh4ovuej20e90fl4fo.jpg; sourceTree = "<group>"; };
		7004CF9A24AE0234005E0416 /* 7f9147a5ly1fzxlgxgzpij20e90fltsj.jpg */ = {isa = PBXFileReference; lastKnownFileType = image.jpeg; path = 7f9147a5ly1fzxlgxgzpij20e90fltsj.jpg; sourceTree = "<group>"; };
		7004CF9B24AE0234005E0416 /* 76297935ly1gatz8obqvkj22c0340npe.jpg */ = {isa = PBXFileReference; lastKnownFileType = image.jpeg; path = 76297935ly1gatz8obqvkj22c0340npe.jpg; sourceTree = "<group>"; };
		7004CF9C24AE0234005E0416 /* d0c21786ly8fsax1ftiifj20ro0ro43g.jpg */ = {isa = PBXFileReference; lastKnownFileType = image.jpeg; path = d0c21786ly8fsax1ftiifj20ro0ro43g.jpg; sourceTree = "<group>"; };
		7004CF9D24AE0234005E0416 /* 9dc7402fgy1gavd38kqjtj20j60nyn1d.jpg */ = {isa = PBXFileReference; lastKnownFileType = image.jpeg; path = 9dc7402fgy1gavd38kqjtj20j60nyn1d.jpg; sourceTree = "<group>"; };
		7004CF9E24AE0234005E0416 /* 6a2afec3gy1gaulykcejqj20t5145wns.jpg */ = {isa = PBXFileReference; lastKnownFileType = image.jpeg; path = 6a2afec3gy1gaulykcejqj20t5145wns.jpg; sourceTree = "<group>"; };
		7004CF9F24AE0234005E0416 /* 4e7f0c83gy1gam2mp0x4pj22tc240u0x.jpg */ = {isa = PBXFileReference; lastKnownFileType = image.jpeg; path = 4e7f0c83gy1gam2mp0x4pj22tc240u0x.jpg; sourceTree = "<group>"; };
		7004CFA024AE0234005E0416 /* c5aa834fgy1gauzrb7s5ej20tz13qh5x.jpg */ = {isa = PBXFileReference; lastKnownFileType = image.jpeg; path = c5aa834fgy1gauzrb7s5ej20tz13qh5x.jpg; sourceTree = "<group>"; };
		7004CFA124AE0234005E0416 /* 700a34f6gy1gaunswxtlrj20j60pkgok.jpg */ = {isa = PBXFileReference; lastKnownFileType = image.jpeg; path = 700a34f6gy1gaunswxtlrj20j60pkgok.jpg; sourceTree = "<group>"; };
		7004CFA224AE0234005E0416 /* 8a0b5544gy1gauy2ex786j20u0129aed.jpg */ = {isa = PBXFileReference; lastKnownFileType = image.jpeg; path = 8a0b5544gy1gauy2ex786j20u0129aed.jpg; sourceTree = "<group>"; };
		7004CFA324AE0234005E0416 /* 76297935ly1gatz89dzblj23402c0qv6.jpg */ = {isa = PBXFileReference; lastKnownFileType = image.jpeg; path = 76297935ly1gatz89dzblj23402c0qv6.jpg; sourceTree = "<group>"; };
		7004CFA424AE0234005E0416 /* 700a34f6gy1gaunswy5qnj20j60pkadk.jpg */ = {isa = PBXFileReference; lastKnownFileType = image.jpeg; path = 700a34f6gy1gaunswy5qnj20j60pkadk.jpg; sourceTree = "<group>"; };
		7004CFA524AE0234005E0416 /* bca7fdafgw1ekhkps65b1j2050050dg4.jpg */ = {isa = PBXFileReference; lastKnownFileType = image.jpeg; path = bca7fdafgw1ekhkps65b1j2050050dg4.jpg; sourceTree = "<group>"; };
		7004CFA624AE0234005E0416 /* PostListData_recommend_1.json */ = {isa = PBXFileReference; fileEncoding = 4; lastKnownFileType = text.json; path = PostListData_recommend_1.json; sourceTree = "<group>"; };
		7004CFA724AE0234005E0416 /* 006gWxMEly8g0bjpl3ynij30kv0kv773.jpg */ = {isa = PBXFileReference; lastKnownFileType = image.jpeg; path = 006gWxMEly8g0bjpl3ynij30kv0kv773.jpg; sourceTree = "<group>"; };
		7004CFA824AE0234005E0416 /* 6ec3b446gy1gavd51jc4lj20j60pmwhl.jpg */ = {isa = PBXFileReference; lastKnownFileType = image.jpeg; path = 6ec3b446gy1gavd51jc4lj20j60pmwhl.jpg; sourceTree = "<group>"; };
		7004CFA924AE0234005E0416 /* 006gWxMEly1gavap88gttj30hs0a0dgf.jpg */ = {isa = PBXFileReference; lastKnownFileType = image.jpeg; path = 006gWxMEly1gavap88gttj30hs0a0dgf.jpg; sourceTree = "<group>"; };
		7004CFAA24AE0234005E0416 /* 4e7f0c83gy1gam2ml6nucj22tc240kjl.jpg */ = {isa = PBXFileReference; lastKnownFileType = image.jpeg; path = 4e7f0c83gy1gam2ml6nucj22tc240kjl.jpg; sourceTree = "<group>"; };
		7004CFAB24AE0234005E0416 /* 4e7f0c83gy1gam2misv31j21hc0u016k.jpg */ = {isa = PBXFileReference; lastKnownFileType = image.jpeg; path = 4e7f0c83gy1gam2misv31j21hc0u016k.jpg; sourceTree = "<group>"; };
		7004CFAC24AE0234005E0416 /* 8a0b5544gy1gauy2gmkg9j20u00gegnp.jpg */ = {isa = PBXFileReference; lastKnownFileType = image.jpeg; path = 8a0b5544gy1gauy2gmkg9j20u00gegnp.jpg; sourceTree = "<group>"; };
		7004CFAD24AE0234005E0416 /* 006gWxMEly1gavap8vsqaj30hs0bwgm6.jpg */ = {isa = PBXFileReference; lastKnownFileType = image.jpeg; path = 006gWxMEly1gavap8vsqaj30hs0bwgm6.jpg; sourceTree = "<group>"; };
		7004CFAE24AE0234005E0416 /* 648ed25bjw8est9nqrtnij20500503yr.jpg */ = {isa = PBXFileReference; lastKnownFileType = image.jpeg; path = 648ed25bjw8est9nqrtnij20500503yr.jpg; sourceTree = "<group>"; };
		7004CFAF24AE0234005E0416 /* eb5c94aegy1gav25ox6dvj20u00k1go9.jpg */ = {isa = PBXFileReference; lastKnownFileType = image.jpeg; path = eb5c94aegy1gav25ox6dvj20u00k1go9.jpg; sourceTree = "<group>"; };
		7004CFB024AE0234005E0416 /* 8a0b5544gy1gauy2g35yoj20u00fomzf.jpg */ = {isa = PBXFileReference; lastKnownFileType = image.jpeg; path = 8a0b5544gy1gauy2g35yoj20u00fomzf.jpg; sourceTree = "<group>"; };
		7004CFB124AE0234005E0416 /* 006PdkDoly8ffywe2fq39j304g04gwed.jpg */ = {isa = PBXFileReference; lastKnownFileType = image.jpeg; path = 006PdkDoly8ffywe2fq39j304g04gwed.jpg; sourceTree = "<group>"; };
		7004CFB224AE0234005E0416 /* 700a34f6gy1gaunsxgzixj20j60edmz8.jpg */ = {isa = PBXFileReference; lastKnownFileType = image.jpeg; path = 700a34f6gy1gaunsxgzixj20j60edmz8.jpg; sourceTree = "<group>"; };
		7004CFB324AE0234005E0416 /* bca7fdafly1gax1gqdnboj20c80atmxp.jpg */ = {isa = PBXFileReference; lastKnownFileType = image.jpeg; path = bca7fdafly1gax1gqdnboj20c80atmxp.jpg; sourceTree = "<group>"; };
		7004CFB424AE0234005E0416 /* c5aa834fgy1gauzr6venkj20u01hc12f.jpg */ = {isa = PBXFileReference; lastKnownFileType = image.jpeg; path = c5aa834fgy1gauzr6venkj20u01hc12f.jpg; sourceTree = "<group>"; };
		7004CFB524AE0234005E0416 /* 7f9147a5ly1fzxlh6hzdnj20e90fl7me.jpg */ = {isa = PBXFileReference; lastKnownFileType = image.jpeg; path = 7f9147a5ly1fzxlh6hzdnj20e90fl7me.jpg; sourceTree = "<group>"; };
		7004CFB624AE0234005E0416 /* 630584a6gy1gau54zm4dtj20m80dftbv.jpg */ = {isa = PBXFileReference; lastKnownFileType = image.jpeg; path = 630584a6gy1gau54zm4dtj20m80dftbv.jpg; sourceTree = "<group>"; };
		7004CFB724AE0234005E0416 /* c5aa834fgy1gauzr86bp5j20pb0w47in.jpg */ = {isa = PBXFileReference; lastKnownFileType = image.jpeg; path = c5aa834fgy1gauzr86bp5j20pb0w47in.jpg; sourceTree = "<group>"; };
		7004CFB824AE0234005E0416 /* 9dc7402fgy1gavd39ba15j20j60nywii.jpg */ = {isa = PBXFileReference; lastKnownFileType = image.jpeg; path = 9dc7402fgy1gavd39ba15j20j60nywii.jpg; sourceTree = "<group>"; };
		7004CFB924AE0234005E0416 /* bca7fdafly1gax1gqfgsjj20c80axaay.jpg */ = {isa = PBXFileReference; lastKnownFileType = image.jpeg; path = bca7fdafly1gax1gqfgsjj20c80axaay.jpg; sourceTree = "<group>"; };
		7004CFBA24AE0234005E0416 /* c5aa834fly8g97m8ix9lcj20re0regnk.jpg */ = {isa = PBXFileReference; lastKnownFileType = image.jpeg; path = c5aa834fly8g97m8ix9lcj20re0regnk.jpg; sourceTree = "<group>"; };
		7004CFBB24AE0234005E0416 /* 700a34f6ly8g9a29rjt92j20fn0iqdg8.jpg */ = {isa = PBXFileReference; lastKnownFileType = image.jpeg; path = 700a34f6ly8g9a29rjt92j20fn0iqdg8.jpg; sourceTree = "<group>"; };
		7004CFBC24AE0234005E0416 /* d0c21786ly1gavj2cdrkyj20c80720tg.jpg */ = {isa = PBXFileReference; lastKnownFileType = image.jpeg; path = d0c21786ly1gavj2cdrkyj20c80720tg.jpg; sourceTree = "<group>"; };
		7004CFBD24AE0234005E0416 /* bca7fdafly1gax1gqehdaj20c80atq3x.jpg */ = {isa = PBXFileReference; lastKnownFileType = image.jpeg; path = bca7fdafly1gax1gqehdaj20c80atq3x.jpg; sourceTree = "<group>"; };
		7004CFBE24AE0234005E0416 /* d0c21786ly1gavj2d17d9j20c808zq3r.jpg */ = {isa = PBXFileReference; lastKnownFileType = image.jpeg; path = d0c21786ly1gavj2d17d9j20c808zq3r.jpg; sourceTree = "<group>"; };
		7004CFBF24AE0234005E0416 /* 8a0b5544gy1gauy2gz000j20u00n6wgj.jpg */ = {isa = PBXFileReference; lastKnownFileType = image.jpeg; path = 8a0b5544gy1gauy2gz000j20u00n6wgj.jpg; sourceTree = "<group>"; };
		7004CFC024AE0234005E0416 /* 006PdkDogy1gap6ngj12ej30u011itf7.jpg */ = {isa = PBXFileReference; lastKnownFileType = image.jpeg; path = 006PdkDogy1gap6ngj12ej30u011itf7.jpg; sourceTree = "<group>"; };
		7004CFC124AE0234005E0416 /* 700a34f6gy1gaunsx2jywj20j60pkaeu.jpg */ = {isa = PBXFileReference; lastKnownFileType = image.jpeg; path = 700a34f6gy1gaunsx2jywj20j60pkaeu.jpg; sourceTree = "<group>"; };
		7004CFC224AE0234005E0416 /* 4e7f0c83gy1gam2mr1b81j22tc2407wi.jpg */ = {isa = PBXFileReference; lastKnownFileType = image.jpeg; path = 4e7f0c83gy1gam2mr1b81j22tc2407wi.jpg; sourceTree = "<group>"; };
		7004CFC324AE0234005E0416 /* 6a2afec3jw8fb4ld0qf2gj20e80dsdfz.jpg */ = {isa = PBXFileReference; lastKnownFileType = image.jpeg; path = 6a2afec3jw8fb4ld0qf2gj20e80dsdfz.jpg; sourceTree = "<group>"; };
		7004CFC424AE0234005E0416 /* bca7fdafly1gax1gqd9vmj20c80ayaam.jpg */ = {isa = PBXFileReference; lastKnownFileType = image.jpeg; path = bca7fdafly1gax1gqd9vmj20c80ayaam.jpg; sourceTree = "<group>"; };
		7004CFC524AE0234005E0416 /* 8a0b5544gy1gauy2hcozsj20u01czdiy.jpg */ = {isa = PBXFileReference; lastKnownFileType = image.jpeg; path = 8a0b5544gy1gauy2hcozsj20u01czdiy.jpg; sourceTree = "<group>"; };
		7004CFC624AE0234005E0416 /* c5aa834fgy1gauzr95r6fj20tw0l3dq4.jpg */ = {isa = PBXFileReference; lastKnownFileType = image.jpeg; path = c5aa834fgy1gauzr95r6fj20tw0l3dq4.jpg; sourceTree = "<group>"; };
		7004CFC724AE0234005E0416 /* 006PdkDogy1gap6ngiyn3j30u011idle.jpg */ = {isa = PBXFileReference; lastKnownFileType = image.jpeg; path = 006PdkDogy1gap6ngiyn3j30u011idle.jpg; sourceTree = "<group>"; };
		7004CFC824AE0234005E0416 /* d0c21786ly1gavj2btv6tj20c80790tg.jpg */ = {isa = PBXFileReference; lastKnownFileType = image.jpeg; path = d0c21786ly1gavj2btv6tj20c80790tg.jpg; sourceTree = "<group>"; };
		7004CFC924AE0234005E0416 /* PostListData_hot_1.json */ = {isa = PBXFileReference; fileEncoding = 4; lastKnownFileType = text.json; path = PostListData_hot_1.json; sourceTree = "<group>"; };
		7004CFCA24AE0234005E0416 /* eb5c94aely8fmvumnl9baj20v90v9q49.jpg */ = {isa = PBXFileReference; lastKnownFileType = image.jpeg; path = eb5c94aely8fmvumnl9baj20v90v9q49.jpg; sourceTree = "<group>"; };
		7004CFCB24AE0234005E0416 /* 630584a6ly8fqs5wwkkmrj20ku0kuta7.jpg */ = {isa = PBXFileReference; lastKnownFileType = image.jpeg; path = 630584a6ly8fqs5wwkkmrj20ku0kuta7.jpg; sourceTree = "<group>"; };
		7004CFCC24AE0234005E0416 /* d0c21786ly1gavj2cowp9j20c8083ab4.jpg */ = {isa = PBXFileReference; lastKnownFileType = image.jpeg; path = d0c21786ly1gavj2cowp9j20c8083ab4.jpg; sourceTree = "<group>"; };
		7004CFCD24AE0234005E0416 /* 9dc7402fgy1gavd367p0pj20j60nywic.jpg */ = {isa = PBXFileReference; lastKnownFileType = image.jpeg; path = 9dc7402fgy1gavd367p0pj20j60nywic.jpg; sourceTree = "<group>"; };
		7004CFCE24AE0234005E0416 /* 006gWxMEly1gavap86qr9j30ht0qo40t.jpg */ = {isa = PBXFileReference; lastKnownFileType = image.jpeg; path = 006gWxMEly1gavap86qr9j30ht0qo40t.jpg; sourceTree = "<group>"; };
		7004CFCF24AE0234005E0416 /* 76297935ly1gatz8k5itij22c02c01ky.jpg */ = {isa = PBXFileReference; lastKnownFileType = image.jpeg; path = 76297935ly1gatz8k5itij22c02c01ky.jpg; sourceTree = "<group>"; };
		7004CFD024AE0234005E0416 /* 76297935ly1gatz8g5rvxj22c03401kz.jpg */ = {isa = PBXFileReference; lastKnownFileType = image.jpeg; path = 76297935ly1gatz8g5rvxj22c03401kz.jpg; sourceTree = "<group>"; };
		7004CFD124AE0234005E0416 /* 700a34f6gy1gaunsxhp4pj20j60pkn1k.jpg */ = {isa = PBXFileReference; lastKnownFileType = image.jpeg; path = 700a34f6gy1gaunsxhp4pj20j60pkn1k.jpg; sourceTree = "<group>"; };
		7004CFD224AE0234005E0416 /* eb5c94aegy1gav2509cp5j20zk0k0n2j.jpg */ = {isa = PBXFileReference; lastKnownFileType = image.jpeg; path = eb5c94aegy1gav2509cp5j20zk0k0n2j.jpg; sourceTree = "<group>"; };
		7004CFD324AE0234005E0416 /* 4e7f0c83gy1gam2mn58d3j22tc240qv5.jpg */ = {isa = PBXFileReference; lastKnownFileType = image.jpeg; path = 4e7f0c83gy1gam2mn58d3j22tc240qv5.jpg; sourceTree = "<group>"; };
		7004CFD424AE0235005E0416 /* eb5c94aegy1gav26fycwlj20zk1h8drh.jpg */ = {isa = PBXFileReference; lastKnownFileType = image.jpeg; path = eb5c94aegy1gav26fycwlj20zk1h8drh.jpg; sourceTree = "<group>"; };
		7004CFD524AE0235005E0416 /* 630584a6gy1gau54zyj61j20m80etn07.jpg */ = {isa = PBXFileReference; lastKnownFileType = image.jpeg; path = 630584a6gy1gau54zyj61j20m80etn07.jpg; sourceTree = "<group>"; };
		7004CFD624AE0235005E0416 /* c5aa834fgy1gauzr8ok78j20tz12fk8w.jpg */ = {isa = PBXFileReference; lastKnownFileType = image.jpeg; path = c5aa834fgy1gauzr8ok78j20tz12fk8w.jpg; sourceTree = "<group>"; };
		7004CFD724AE0235005E0416 /* 76297935ly8g4phfkq68hj20u00u0mzt.jpg */ = {isa = PBXFileReference; lastKnownFileType = image.jpeg; path = 76297935ly8g4phfkq68hj20u00u0mzt.jpg; sourceTree = "<group>"; };
		7004CFD824AE0235005E0416 /* 9dc7402fgy1gavd37l9nwj20j60ny44q.jpg */ = {isa = PBXFileReference; lastKnownFileType = image.jpeg; path = 9dc7402fgy1gavd37l9nwj20j60ny44q.jpg; sourceTree = "<group>"; };
		7004CFD924AE0235005E0416 /* 700a34f6gy1gaunswwui7j20j60pl78e.jpg */ = {isa = PBXFileReference; lastKnownFileType = image.jpeg; path = 700a34f6gy1gaunswwui7j20j60pl78e.jpg; sourceTree = "<group>"; };
		7004CFDA24AE0235005E0416 /* 630584a6gy1gau54zgaxhj20m80et0vq.jpg */ = {isa = PBXFileReference; lastKnownFileType = image.jpeg; path = 630584a6gy1gau54zgaxhj20m80et0vq.jpg; sourceTree = "<group>"; };
		7004CFDB24AE0235005E0416 /* 4e7f0c83gy1gam2mjhk8zj21hc0v6wnx.jpg */ = {isa = PBXFileReference; lastKnownFileType = image.jpeg; path = 4e7f0c83gy1gam2mjhk8zj21hc0v6wnx.jpg; sourceTree = "<group>"; };
		7004CFDC24AE0235005E0416 /* 6ec3b446gy1gavd4xud8lj20j60qkwj0.jpg */ = {isa = PBXFileReference; lastKnownFileType = image.jpeg; path = 6ec3b446gy1gavd4xud8lj20j60qkwj0.jpg; sourceTree = "<group>"; };
		7004CFDD24AE0235005E0416 /* 4e7f0c83ly8g1ho507078j20ro0rojtq.jpg */ = {isa = PBXFileReference; lastKnownFileType = image.jpeg; path = 4e7f0c83ly8g1ho507078j20ro0rojtq.jpg; sourceTree = "<group>"; };
		7004CFDE24AE0235005E0416 /* bca7fdafly1gax1gqdhouj20c80axaam.jpg */ = {isa = PBXFileReference; lastKnownFileType = image.jpeg; path = bca7fdafly1gax1gqdhouj20c80axaam.jpg; sourceTree = "<group>"; };
		7004CFDF24AE0235005E0416 /* 6ec3b446gy1gavd523embj20j60pytd6.jpg */ = {isa = PBXFileReference; lastKnownFileType = image.jpeg; path = 6ec3b446gy1gavd523embj20j60pytd6.jpg; sourceTree = "<group>"; };
		7004CFE024AE0235005E0416 /* 005tnxzUly8gab4i2r73xj30u00u0js8.jpg */ = {isa = PBXFileReference; lastKnownFileType = image.jpeg; path = 005tnxzUly8gab4i2r73xj30u00u0js8.jpg; sourceTree = "<group>"; };
		7004D03424AE06F4005E0416 /* PostVIPBadge.swift */ = {isa = PBXFileReference; lastKnownFileType = sourcecode.swift; path = PostVIPBadge.swift; sourceTree = "<group>"; };
		7004D03624AE07ED005E0416 /* Post.swift */ = {isa = PBXFileReference; lastKnownFileType = sourcecode.swift; path = Post.swift; sourceTree = "<group>"; };
		7004D03824AF2A16005E0416 /* PostCellToolbarButton.swift */ = {isa = PBXFileReference; lastKnownFileType = sourcecode.swift; path = PostCellToolbarButton.swift; sourceTree = "<group>"; };
		7004D03A24AF36A8005E0416 /* PostListView.swift */ = {isa = PBXFileReference; lastKnownFileType = sourcecode.swift; path = PostListView.swift; sourceTree = "<group>"; };
		7004D03C24AF4229005E0416 /* PostImageCell.swift */ = {isa = PBXFileReference; lastKnownFileType = sourcecode.swift; path = PostImageCell.swift; sourceTree = "<group>"; };
		7004D03E24AF50EA005E0416 /* PostDetailView.swift */ = {isa = PBXFileReference; lastKnownFileType = sourcecode.swift; path = PostDetailView.swift; sourceTree = "<group>"; };
		703B54D124B0B48600EA4C75 /* HomeNavigationBar.swift */ = {isa = PBXFileReference; lastKnownFileType = sourcecode.swift; path = HomeNavigationBar.swift; sourceTree = "<group>"; };
		703B54D324B0C77900EA4C75 /* HomeView.swift */ = {isa = PBXFileReference; lastKnownFileType = sourcecode.swift; path = HomeView.swift; sourceTree = "<group>"; };
		706392FF24B1C029002BF4AC /* UserData.swift */ = {isa = PBXFileReference; lastKnownFileType = sourcecode.swift; path = UserData.swift; sourceTree = "<group>"; };
		7095F6AC24B464A300FE9429 /* HScrollViewController.swift */ = {isa = PBXFileReference; lastKnownFileType = sourcecode.swift; path = HScrollViewController.swift; sourceTree = "<group>"; };
/* End PBXFileReference section */

/* Begin PBXFrameworksBuildPhase section */
		7004CF7124ADF8CE005E0416 /* Frameworks */ = {
			isa = PBXFrameworksBuildPhase;
			buildActionMask = 2147483647;
			files = (
			);
			runOnlyForDeploymentPostprocessing = 0;
		};
/* End PBXFrameworksBuildPhase section */

/* Begin PBXGroup section */
		7004CF6B24ADF8CE005E0416 = {
			isa = PBXGroup;
			children = (
				7004CF7624ADF8CE005E0416 /* Weibo */,
				7004CF7524ADF8CE005E0416 /* Products */,
			);
			sourceTree = "<group>";
		};
		7004CF7524ADF8CE005E0416 /* Products */ = {
			isa = PBXGroup;
			children = (
				7004CF7424ADF8CE005E0416 /* Weibo.app */,
			);
			name = Products;
			sourceTree = "<group>";
		};
		7004CF7624ADF8CE005E0416 /* Weibo */ = {
			isa = PBXGroup;
			children = (
				7004CF8D24AE0234005E0416 /* Resources */,
				7004CF7724ADF8CE005E0416 /* AppDelegate.swift */,
				7004CF7924ADF8CE005E0416 /* SceneDelegate.swift */,
				7004CF7B24ADF8CE005E0416 /* ContentView.swift */,
				7004CF8B24ADFCC0005E0416 /* PostCell.swift */,
				7004D03A24AF36A8005E0416 /* PostListView.swift */,
				703B54D124B0B48600EA4C75 /* HomeNavigationBar.swift */,
				7095F6AC24B464A300FE9429 /* HScrollViewController.swift */,
				7004D03C24AF4229005E0416 /* PostImageCell.swift */,
				7004D03E24AF50EA005E0416 /* PostDetailView.swift */,
				7004D03824AF2A16005E0416 /* PostCellToolbarButton.swift */,
				7004D03624AE07ED005E0416 /* Post.swift */,
				7004D03424AE06F4005E0416 /* PostVIPBadge.swift */,
				703B54D324B0C77900EA4C75 /* HomeView.swift */,
				706392FF24B1C029002BF4AC /* UserData.swift */,
				7004CF7D24ADF8D1005E0416 /* Assets.xcassets */,
				7004CF8224ADF8D1005E0416 /* LaunchScreen.storyboard */,
				7004CF8524ADF8D1005E0416 /* Info.plist */,
				7004CF7F24ADF8D1005E0416 /* Preview Content */,
			);
			path = Weibo;
			sourceTree = "<group>";
		};
		7004CF7F24ADF8D1005E0416 /* Preview Content */ = {
			isa = PBXGroup;
			children = (
				7004CF8024ADF8D1005E0416 /* Preview Assets.xcassets */,
			);
			path = "Preview Content";
			sourceTree = "<group>";
		};
		7004CF8D24AE0234005E0416 /* Resources */ = {
			isa = PBXGroup;
			children = (
				7004CF8E24AE0234005E0416 /* 8697cf1ely8gashxj3b09j20u00u040v.jpg */,
				7004CF8F24AE0234005E0416 /* d0c21786ly1gavj2c0kcej20c8096dh7.jpg */,
				7004CF9024AE0234005E0416 /* 6ec3b446jw1e8qgp5bmzyj2050050aa8.jpg */,
				7004CF9124AE0234005E0416 /* 8a0b5544jw1e8qgp5bmzyj2050050aa8.jpg */,
				7004CF9224AE0234005E0416 /* bca7fdafly1gax1gqdg6qj20c80avdgl.jpg */,
				7004CF9324AE0234005E0416 /* 9dc7402fjw1e8qgp5bmzyj2050050aa8.jpg */,
				7004CF9424AE0234005E0416 /* eb5c94aegy1gav25n5ibjj20zk1h8wuu.jpg */,
				7004CF9524AE0234005E0416 /* 006gWxMEly1gavap8dywoj30hs0bwq48.jpg */,
				7004CF9624AE0234005E0416 /* 630584a6gy1gau54zl806j20m80etmzo.jpg */,
				7004CF9724AE0234005E0416 /* 9dc7402fgy1gavd38wwlrj20j60nyq6y.jpg */,
				7004CF9824AE0234005E0416 /* 8a0b5544gy1gauy2flua6j20u00hitab.jpg */,
				7004CF9924AE0234005E0416 /* 7f9147a5ly1fzxlh4ovuej20e90fl4fo.jpg */,
				7004CF9A24AE0234005E0416 /* 7f9147a5ly1fzxlgxgzpij20e90fltsj.jpg */,
				7004CF9B24AE0234005E0416 /* 76297935ly1gatz8obqvkj22c0340npe.jpg */,
				7004CF9C24AE0234005E0416 /* d0c21786ly8fsax1ftiifj20ro0ro43g.jpg */,
				7004CF9D24AE0234005E0416 /* 9dc7402fgy1gavd38kqjtj20j60nyn1d.jpg */,
				7004CF9E24AE0234005E0416 /* 6a2afec3gy1gaulykcejqj20t5145wns.jpg */,
				7004CF9F24AE0234005E0416 /* 4e7f0c83gy1gam2mp0x4pj22tc240u0x.jpg */,
				7004CFA024AE0234005E0416 /* c5aa834fgy1gauzrb7s5ej20tz13qh5x.jpg */,
				7004CFA124AE0234005E0416 /* 700a34f6gy1gaunswxtlrj20j60pkgok.jpg */,
				7004CFA224AE0234005E0416 /* 8a0b5544gy1gauy2ex786j20u0129aed.jpg */,
				7004CFA324AE0234005E0416 /* 76297935ly1gatz89dzblj23402c0qv6.jpg */,
				7004CFA424AE0234005E0416 /* 700a34f6gy1gaunswy5qnj20j60pkadk.jpg */,
				7004CFA524AE0234005E0416 /* bca7fdafgw1ekhkps65b1j2050050dg4.jpg */,
				7004CFA624AE0234005E0416 /* PostListData_recommend_1.json */,
				7004CFA724AE0234005E0416 /* 006gWxMEly8g0bjpl3ynij30kv0kv773.jpg */,
				7004CFA824AE0234005E0416 /* 6ec3b446gy1gavd51jc4lj20j60pmwhl.jpg */,
				7004CFA924AE0234005E0416 /* 006gWxMEly1gavap88gttj30hs0a0dgf.jpg */,
				7004CFAA24AE0234005E0416 /* 4e7f0c83gy1gam2ml6nucj22tc240kjl.jpg */,
				7004CFAB24AE0234005E0416 /* 4e7f0c83gy1gam2misv31j21hc0u016k.jpg */,
				7004CFAC24AE0234005E0416 /* 8a0b5544gy1gauy2gmkg9j20u00gegnp.jpg */,
				7004CFAD24AE0234005E0416 /* 006gWxMEly1gavap8vsqaj30hs0bwgm6.jpg */,
				7004CFAE24AE0234005E0416 /* 648ed25bjw8est9nqrtnij20500503yr.jpg */,
				7004CFAF24AE0234005E0416 /* eb5c94aegy1gav25ox6dvj20u00k1go9.jpg */,
				7004CFB024AE0234005E0416 /* 8a0b5544gy1gauy2g35yoj20u00fomzf.jpg */,
				7004CFB124AE0234005E0416 /* 006PdkDoly8ffywe2fq39j304g04gwed.jpg */,
				7004CFB224AE0234005E0416 /* 700a34f6gy1gaunsxgzixj20j60edmz8.jpg */,
				7004CFB324AE0234005E0416 /* bca7fdafly1gax1gqdnboj20c80atmxp.jpg */,
				7004CFB424AE0234005E0416 /* c5aa834fgy1gauzr6venkj20u01hc12f.jpg */,
				7004CFB524AE0234005E0416 /* 7f9147a5ly1fzxlh6hzdnj20e90fl7me.jpg */,
				7004CFB624AE0234005E0416 /* 630584a6gy1gau54zm4dtj20m80dftbv.jpg */,
				7004CFB724AE0234005E0416 /* c5aa834fgy1gauzr86bp5j20pb0w47in.jpg */,
				7004CFB824AE0234005E0416 /* 9dc7402fgy1gavd39ba15j20j60nywii.jpg */,
				7004CFB924AE0234005E0416 /* bca7fdafly1gax1gqfgsjj20c80axaay.jpg */,
				7004CFBA24AE0234005E0416 /* c5aa834fly8g97m8ix9lcj20re0regnk.jpg */,
				7004CFBB24AE0234005E0416 /* 700a34f6ly8g9a29rjt92j20fn0iqdg8.jpg */,
				7004CFBC24AE0234005E0416 /* d0c21786ly1gavj2cdrkyj20c80720tg.jpg */,
				7004CFBD24AE0234005E0416 /* bca7fdafly1gax1gqehdaj20c80atq3x.jpg */,
				7004CFBE24AE0234005E0416 /* d0c21786ly1gavj2d17d9j20c808zq3r.jpg */,
				7004CFBF24AE0234005E0416 /* 8a0b5544gy1gauy2gz000j20u00n6wgj.jpg */,
				7004CFC024AE0234005E0416 /* 006PdkDogy1gap6ngj12ej30u011itf7.jpg */,
				7004CFC124AE0234005E0416 /* 700a34f6gy1gaunsx2jywj20j60pkaeu.jpg */,
				7004CFC224AE0234005E0416 /* 4e7f0c83gy1gam2mr1b81j22tc2407wi.jpg */,
				7004CFC324AE0234005E0416 /* 6a2afec3jw8fb4ld0qf2gj20e80dsdfz.jpg */,
				7004CFC424AE0234005E0416 /* bca7fdafly1gax1gqd9vmj20c80ayaam.jpg */,
				7004CFC524AE0234005E0416 /* 8a0b5544gy1gauy2hcozsj20u01czdiy.jpg */,
				7004CFC624AE0234005E0416 /* c5aa834fgy1gauzr95r6fj20tw0l3dq4.jpg */,
				7004CFC724AE0234005E0416 /* 006PdkDogy1gap6ngiyn3j30u011idle.jpg */,
				7004CFC824AE0234005E0416 /* d0c21786ly1gavj2btv6tj20c80790tg.jpg */,
				7004CFC924AE0234005E0416 /* PostListData_hot_1.json */,
				7004CFCA24AE0234005E0416 /* eb5c94aely8fmvumnl9baj20v90v9q49.jpg */,
				7004CFCB24AE0234005E0416 /* 630584a6ly8fqs5wwkkmrj20ku0kuta7.jpg */,
				7004CFCC24AE0234005E0416 /* d0c21786ly1gavj2cowp9j20c8083ab4.jpg */,
				7004CFCD24AE0234005E0416 /* 9dc7402fgy1gavd367p0pj20j60nywic.jpg */,
				7004CFCE24AE0234005E0416 /* 006gWxMEly1gavap86qr9j30ht0qo40t.jpg */,
				7004CFCF24AE0234005E0416 /* 76297935ly1gatz8k5itij22c02c01ky.jpg */,
				7004CFD024AE0234005E0416 /* 76297935ly1gatz8g5rvxj22c03401kz.jpg */,
				7004CFD124AE0234005E0416 /* 700a34f6gy1gaunsxhp4pj20j60pkn1k.jpg */,
				7004CFD224AE0234005E0416 /* eb5c94aegy1gav2509cp5j20zk0k0n2j.jpg */,
				7004CFD324AE0234005E0416 /* 4e7f0c83gy1gam2mn58d3j22tc240qv5.jpg */,
				7004CFD424AE0235005E0416 /* eb5c94aegy1gav26fycwlj20zk1h8drh.jpg */,
				7004CFD524AE0235005E0416 /* 630584a6gy1gau54zyj61j20m80etn07.jpg */,
				7004CFD624AE0235005E0416 /* c5aa834fgy1gauzr8ok78j20tz12fk8w.jpg */,
				7004CFD724AE0235005E0416 /* 76297935ly8g4phfkq68hj20u00u0mzt.jpg */,
				7004CFD824AE0235005E0416 /* 9dc7402fgy1gavd37l9nwj20j60ny44q.jpg */,
				7004CFD924AE0235005E0416 /* 700a34f6gy1gaunswwui7j20j60pl78e.jpg */,
				7004CFDA24AE0235005E0416 /* 630584a6gy1gau54zgaxhj20m80et0vq.jpg */,
				7004CFDB24AE0235005E0416 /* 4e7f0c83gy1gam2mjhk8zj21hc0v6wnx.jpg */,
				7004CFDC24AE0235005E0416 /* 6ec3b446gy1gavd4xud8lj20j60qkwj0.jpg */,
				7004CFDD24AE0235005E0416 /* 4e7f0c83ly8g1ho507078j20ro0rojtq.jpg */,
				7004CFDE24AE0235005E0416 /* bca7fdafly1gax1gqdhouj20c80axaam.jpg */,
				7004CFDF24AE0235005E0416 /* 6ec3b446gy1gavd523embj20j60pytd6.jpg */,
				7004CFE024AE0235005E0416 /* 005tnxzUly8gab4i2r73xj30u00u0js8.jpg */,
			);
			path = Resources;
			sourceTree = "<group>";
		};
/* End PBXGroup section */

/* Begin PBXNativeTarget section */
		7004CF7324ADF8CE005E0416 /* Weibo */ = {
			isa = PBXNativeTarget;
			buildConfigurationList = 7004CF8824ADF8D1005E0416 /* Build configuration list for PBXNativeTarget "Weibo" */;
			buildPhases = (
				7004CF7024ADF8CE005E0416 /* Sources */,
				7004CF7124ADF8CE005E0416 /* Frameworks */,
				7004CF7224ADF8CE005E0416 /* Resources */,
			);
			buildRules = (
			);
			dependencies = (
			);
			name = Weibo;
			productName = Weibo;
			productReference = 7004CF7424ADF8CE005E0416 /* Weibo.app */;
			productType = "com.apple.product-type.application";
		};
/* End PBXNativeTarget section */

/* Begin PBXProject section */
		7004CF6C24ADF8CE005E0416 /* Project object */ = {
			isa = PBXProject;
			attributes = {
				LastSwiftUpdateCheck = 1130;
				LastUpgradeCheck = 1130;
				ORGANIZATIONNAME = lwn;
				TargetAttributes = {
					7004CF7324ADF8CE005E0416 = {
						CreatedOnToolsVersion = 11.3.1;
					};
				};
			};
			buildConfigurationList = 7004CF6F24ADF8CE005E0416 /* Build configuration list for PBXProject "Weibo" */;
			compatibilityVersion = "Xcode 9.3";
			developmentRegion = en;
			hasScannedForEncodings = 0;
			knownRegions = (
				en,
				Base,
			);
			mainGroup = 7004CF6B24ADF8CE005E0416;
			productRefGroup = 7004CF7524ADF8CE005E0416 /* Products */;
			projectDirPath = "";
			projectRoot = "";
			targets = (
				7004CF7324ADF8CE005E0416 /* Weibo */,
			);
		};
/* End PBXProject section */

/* Begin PBXResourcesBuildPhase section */
		7004CF7224ADF8CE005E0416 /* Resources */ = {
			isa = PBXResourcesBuildPhase;
			buildActionMask = 2147483647;
			files = (
				7004CFE324AE0235005E0416 /* 6ec3b446jw1e8qgp5bmzyj2050050aa8.jpg in Resources */,
				7004D01624AE0235005E0416 /* 6a2afec3jw8fb4ld0qf2gj20e80dsdfz.jpg in Resources */,
				7004D02524AE0235005E0416 /* eb5c94aegy1gav2509cp5j20zk0k0n2j.jpg in Resources */,
				7004D02624AE0235005E0416 /* 4e7f0c83gy1gam2mn58d3j22tc240qv5.jpg in Resources */,
				7004CFF224AE0235005E0416 /* 4e7f0c83gy1gam2mp0x4pj22tc240u0x.jpg in Resources */,
				7004D03224AE0235005E0416 /* 6ec3b446gy1gavd523embj20j60pytd6.jpg in Resources */,
				7004CFFF24AE0235005E0416 /* 8a0b5544gy1gauy2gmkg9j20u00gegnp.jpg in Resources */,
				7004CFF524AE0235005E0416 /* 8a0b5544gy1gauy2ex786j20u0129aed.jpg in Resources */,
				7004D01024AE0235005E0416 /* bca7fdafly1gax1gqehdaj20c80atq3x.jpg in Resources */,
				7004D00824AE0235005E0416 /* 7f9147a5ly1fzxlh6hzdnj20e90fl7me.jpg in Resources */,
				7004CFE424AE0235005E0416 /* 8a0b5544jw1e8qgp5bmzyj2050050aa8.jpg in Resources */,
				7004D02824AE0235005E0416 /* 630584a6gy1gau54zyj61j20m80etn07.jpg in Resources */,
				7004D00C24AE0235005E0416 /* bca7fdafly1gax1gqfgsjj20c80axaay.jpg in Resources */,
				7004CFF124AE0235005E0416 /* 6a2afec3gy1gaulykcejqj20t5145wns.jpg in Resources */,
				7004D01B24AE0235005E0416 /* d0c21786ly1gavj2btv6tj20c80790tg.jpg in Resources */,
				7004D01E24AE0235005E0416 /* 630584a6ly8fqs5wwkkmrj20ku0kuta7.jpg in Resources */,
				7004CFE124AE0235005E0416 /* 8697cf1ely8gashxj3b09j20u00u040v.jpg in Resources */,
				7004CFFA24AE0235005E0416 /* 006gWxMEly8g0bjpl3ynij30kv0kv773.jpg in Resources */,
				7004CFE924AE0235005E0416 /* 630584a6gy1gau54zl806j20m80etmzo.jpg in Resources */,
				7004D00624AE0235005E0416 /* bca7fdafly1gax1gqdnboj20c80atmxp.jpg in Resources */,
				7004D01A24AE0235005E0416 /* 006PdkDogy1gap6ngiyn3j30u011idle.jpg in Resources */,
				7004CFF824AE0235005E0416 /* bca7fdafgw1ekhkps65b1j2050050dg4.jpg in Resources */,
				7004CFEB24AE0235005E0416 /* 8a0b5544gy1gauy2flua6j20u00hitab.jpg in Resources */,
				7004D03324AE0235005E0416 /* 005tnxzUly8gab4i2r73xj30u00u0js8.jpg in Resources */,
				7004D00D24AE0235005E0416 /* c5aa834fly8g97m8ix9lcj20re0regnk.jpg in Resources */,
				7004CFE824AE0235005E0416 /* 006gWxMEly1gavap8dywoj30hs0bwq48.jpg in Resources */,
				7004D00024AE0235005E0416 /* 006gWxMEly1gavap8vsqaj30hs0bwgm6.jpg in Resources */,
				7004D02424AE0235005E0416 /* 700a34f6gy1gaunsxhp4pj20j60pkn1k.jpg in Resources */,
				7004CFF324AE0235005E0416 /* c5aa834fgy1gauzrb7s5ej20tz13qh5x.jpg in Resources */,
				7004CFEA24AE0235005E0416 /* 9dc7402fgy1gavd38wwlrj20j60nyq6y.jpg in Resources */,
				7004CFE224AE0235005E0416 /* d0c21786ly1gavj2c0kcej20c8096dh7.jpg in Resources */,
				7004D02324AE0235005E0416 /* 76297935ly1gatz8g5rvxj22c03401kz.jpg in Resources */,
				7004D01324AE0235005E0416 /* 006PdkDogy1gap6ngj12ej30u011itf7.jpg in Resources */,
				7004CFE624AE0235005E0416 /* 9dc7402fjw1e8qgp5bmzyj2050050aa8.jpg in Resources */,
				7004D01C24AE0235005E0416 /* PostListData_hot_1.json in Resources */,
				7004D01124AE0235005E0416 /* d0c21786ly1gavj2d17d9j20c808zq3r.jpg in Resources */,
				7004D01F24AE0235005E0416 /* d0c21786ly1gavj2cowp9j20c8083ab4.jpg in Resources */,
				7004D00124AE0235005E0416 /* 648ed25bjw8est9nqrtnij20500503yr.jpg in Resources */,
				7004CF8424ADF8D1005E0416 /* LaunchScreen.storyboard in Resources */,
				7004D00524AE0235005E0416 /* 700a34f6gy1gaunsxgzixj20j60edmz8.jpg in Resources */,
				7004D02124AE0235005E0416 /* 006gWxMEly1gavap86qr9j30ht0qo40t.jpg in Resources */,
				7004CFFD24AE0235005E0416 /* 4e7f0c83gy1gam2ml6nucj22tc240kjl.jpg in Resources */,
				7004D01824AE0235005E0416 /* 8a0b5544gy1gauy2hcozsj20u01czdiy.jpg in Resources */,
				7004D02F24AE0235005E0416 /* 6ec3b446gy1gavd4xud8lj20j60qkwj0.jpg in Resources */,
				7004D01424AE0235005E0416 /* 700a34f6gy1gaunsx2jywj20j60pkaeu.jpg in Resources */,
				7004CFF724AE0235005E0416 /* 700a34f6gy1gaunswy5qnj20j60pkadk.jpg in Resources */,
				7004CF8124ADF8D1005E0416 /* Preview Assets.xcassets in Resources */,
				7004D02224AE0235005E0416 /* 76297935ly1gatz8k5itij22c02c01ky.jpg in Resources */,
				7004D02024AE0235005E0416 /* 9dc7402fgy1gavd367p0pj20j60nywic.jpg in Resources */,
				7004D02D24AE0235005E0416 /* 630584a6gy1gau54zgaxhj20m80et0vq.jpg in Resources */,
				7004D03024AE0235005E0416 /* 4e7f0c83ly8g1ho507078j20ro0rojtq.jpg in Resources */,
				7004D01724AE0235005E0416 /* bca7fdafly1gax1gqd9vmj20c80ayaam.jpg in Resources */,
				7004CFED24AE0235005E0416 /* 7f9147a5ly1fzxlgxgzpij20e90fltsj.jpg in Resources */,
				7004D01924AE0235005E0416 /* c5aa834fgy1gauzr95r6fj20tw0l3dq4.jpg in Resources */,
				7004CFEE24AE0235005E0416 /* 76297935ly1gatz8obqvkj22c0340npe.jpg in Resources */,
				7004D00E24AE0235005E0416 /* 700a34f6ly8g9a29rjt92j20fn0iqdg8.jpg in Resources */,
				7004CFFB24AE0235005E0416 /* 6ec3b446gy1gavd51jc4lj20j60pmwhl.jpg in Resources */,
				7004D02724AE0235005E0416 /* eb5c94aegy1gav26fycwlj20zk1h8drh.jpg in Resources */,
				7004CFF424AE0235005E0416 /* 700a34f6gy1gaunswxtlrj20j60pkgok.jpg in Resources */,
				7004D01D24AE0235005E0416 /* eb5c94aely8fmvumnl9baj20v90v9q49.jpg in Resources */,
				7004D01524AE0235005E0416 /* 4e7f0c83gy1gam2mr1b81j22tc2407wi.jpg in Resources */,
				7004CF7E24ADF8D1005E0416 /* Assets.xcassets in Resources */,
				7004CFFE24AE0235005E0416 /* 4e7f0c83gy1gam2misv31j21hc0u016k.jpg in Resources */,
				7004D02924AE0235005E0416 /* c5aa834fgy1gauzr8ok78j20tz12fk8w.jpg in Resources */,
				7004D00F24AE0235005E0416 /* d0c21786ly1gavj2cdrkyj20c80720tg.jpg in Resources */,
				7004CFE724AE0235005E0416 /* eb5c94aegy1gav25n5ibjj20zk1h8wuu.jpg in Resources */,
				7004D02E24AE0235005E0416 /* 4e7f0c83gy1gam2mjhk8zj21hc0v6wnx.jpg in Resources */,
				7004D02B24AE0235005E0416 /* 9dc7402fgy1gavd37l9nwj20j60ny44q.jpg in Resources */,
				7004CFE524AE0235005E0416 /* bca7fdafly1gax1gqdg6qj20c80avdgl.jpg in Resources */,
				7004D02A24AE0235005E0416 /* 76297935ly8g4phfkq68hj20u00u0mzt.jpg in Resources */,
				7004D00724AE0235005E0416 /* c5aa834fgy1gauzr6venkj20u01hc12f.jpg in Resources */,
				7004D00224AE0235005E0416 /* eb5c94aegy1gav25ox6dvj20u00k1go9.jpg in Resources */,
				7004D02C24AE0235005E0416 /* 700a34f6gy1gaunswwui7j20j60pl78e.jpg in Resources */,
				7004CFFC24AE0235005E0416 /* 006gWxMEly1gavap88gttj30hs0a0dgf.jpg in Resources */,
				7004CFF024AE0235005E0416 /* 9dc7402fgy1gavd38kqjtj20j60nyn1d.jpg in Resources */,
				7004D00324AE0235005E0416 /* 8a0b5544gy1gauy2g35yoj20u00fomzf.jpg in Resources */,
				7004D00424AE0235005E0416 /* 006PdkDoly8ffywe2fq39j304g04gwed.jpg in Resources */,
				7004CFEF24AE0235005E0416 /* d0c21786ly8fsax1ftiifj20ro0ro43g.jpg in Resources */,
				7004CFF624AE0235005E0416 /* 76297935ly1gatz89dzblj23402c0qv6.jpg in Resources */,
				7004D01224AE0235005E0416 /* 8a0b5544gy1gauy2gz000j20u00n6wgj.jpg in Resources */,
				7004D00924AE0235005E0416 /* 630584a6gy1gau54zm4dtj20m80dftbv.jpg in Resources */,
				7004D03124AE0235005E0416 /* bca7fdafly1gax1gqdhouj20c80axaam.jpg in Resources */,
				7004D00B24AE0235005E0416 /* 9dc7402fgy1gavd39ba15j20j60nywii.jpg in Resources */,
				7004D00A24AE0235005E0416 /* c5aa834fgy1gauzr86bp5j20pb0w47in.jpg in Resources */,
				7004CFF924AE0235005E0416 /* PostListData_recommend_1.json in Resources */,
				7004CFEC24AE0235005E0416 /* 7f9147a5ly1fzxlh4ovuej20e90fl4fo.jpg in Resources */,
			);
			runOnlyForDeploymentPostprocessing = 0;
		};
/* End PBXResourcesBuildPhase section */

/* Begin PBXSourcesBuildPhase section */
		7004CF7024ADF8CE005E0416 /* Sources */ = {
			isa = PBXSourcesBuildPhase;
			buildActionMask = 2147483647;
			files = (
				7063930024B1C029002BF4AC /* UserData.swift in Sources */,
				7004CF7824ADF8CE005E0416 /* AppDelegate.swift in Sources */,
				7095F6AD24B464A300FE9429 /* HScrollViewController.swift in Sources */,
				7004D03F24AF50EA005E0416 /* PostDetailView.swift in Sources */,
				7004CF7A24ADF8CE005E0416 /* SceneDelegate.swift in Sources */,
				7004D03B24AF36A8005E0416 /* PostListView.swift in Sources */,
				7004CF7C24ADF8CE005E0416 /* ContentView.swift in Sources */,
				7004D03924AF2A16005E0416 /* PostCellToolbarButton.swift in Sources */,
				7004D03724AE07ED005E0416 /* Post.swift in Sources */,
				703B54D224B0B48600EA4C75 /* HomeNavigationBar.swift in Sources */,
				7004CF8C24ADFCC0005E0416 /* PostCell.swift in Sources */,
				703B54D424B0C77900EA4C75 /* HomeView.swift in Sources */,
				7004D03D24AF4229005E0416 /* PostImageCell.swift in Sources */,
				7004D03524AE06F4005E0416 /* PostVIPBadge.swift in Sources */,
			);
			runOnlyForDeploymentPostprocessing = 0;
		};
/* End PBXSourcesBuildPhase section */

/* Begin PBXVariantGroup section */
		7004CF8224ADF8D1005E0416 /* LaunchScreen.storyboard */ = {
			isa = PBXVariantGroup;
			children = (
				7004CF8324ADF8D1005E0416 /* Base */,
			);
			name = LaunchScreen.storyboard;
			sourceTree = "<group>";
		};
/* End PBXVariantGroup section */

/* Begin XCBuildConfiguration section */
		7004CF8624ADF8D1005E0416 /* Debug */ = {
			isa = XCBuildConfiguration;
			buildSettings = {
				ALWAYS_SEARCH_USER_PATHS = NO;
				CLANG_ANALYZER_NONNULL = YES;
				CLANG_ANALYZER_NUMBER_OBJECT_CONVERSION = YES_AGGRESSIVE;
				CLANG_CXX_LANGUAGE_STANDARD = "gnu++14";
				CLANG_CXX_LIBRARY = "libc++";
				CLANG_ENABLE_MODULES = YES;
				CLANG_ENABLE_OBJC_ARC = YES;
				CLANG_ENABLE_OBJC_WEAK = YES;
				CLANG_WARN_BLOCK_CAPTURE_AUTORELEASING = YES;
				CLANG_WARN_BOOL_CONVERSION = YES;
				CLANG_WARN_COMMA = YES;
				CLANG_WARN_CONSTANT_CONVERSION = YES;
				CLANG_WARN_DEPRECATED_OBJC_IMPLEMENTATIONS = YES;
				CLANG_WARN_DIRECT_OBJC_ISA_USAGE = YES_ERROR;
				CLANG_WARN_DOCUMENTATION_COMMENTS = YES;
				CLANG_WARN_EMPTY_BODY = YES;
				CLANG_WARN_ENUM_CONVERSION = YES;
				CLANG_WARN_INFINITE_RECURSION = YES;
				CLANG_WARN_INT_CONVERSION = YES;
				CLANG_WARN_NON_LITERAL_NULL_CONVERSION = YES;
				CLANG_WARN_OBJC_IMPLICIT_RETAIN_SELF = YES;
				CLANG_WARN_OBJC_LITERAL_CONVERSION = YES;
				CLANG_WARN_OBJC_ROOT_CLASS = YES_ERROR;
				CLANG_WARN_RANGE_LOOP_ANALYSIS = YES;
				CLANG_WARN_STRICT_PROTOTYPES = YES;
				CLANG_WARN_SUSPICIOUS_MOVE = YES;
				CLANG_WARN_UNGUARDED_AVAILABILITY = YES_AGGRESSIVE;
				CLANG_WARN_UNREACHABLE_CODE = YES;
				CLANG_WARN__DUPLICATE_METHOD_MATCH = YES;
				COPY_PHASE_STRIP = NO;
				DEBUG_INFORMATION_FORMAT = dwarf;
				ENABLE_STRICT_OBJC_MSGSEND = YES;
				ENABLE_TESTABILITY = YES;
				GCC_C_LANGUAGE_STANDARD = gnu11;
				GCC_DYNAMIC_NO_PIC = NO;
				GCC_NO_COMMON_BLOCKS = YES;
				GCC_OPTIMIZATION_LEVEL = 0;
				GCC_PREPROCESSOR_DEFINITIONS = (
					"DEBUG=1",
					"$(inherited)",
				);
				GCC_WARN_64_TO_32_BIT_CONVERSION = YES;
				GCC_WARN_ABOUT_RETURN_TYPE = YES_ERROR;
				GCC_WARN_UNDECLARED_SELECTOR = YES;
				GCC_WARN_UNINITIALIZED_AUTOS = YES_AGGRESSIVE;
				GCC_WARN_UNUSED_FUNCTION = YES;
				GCC_WARN_UNUSED_VARIABLE = YES;
				IPHONEOS_DEPLOYMENT_TARGET = 13.2;
				MTL_ENABLE_DEBUG_INFO = INCLUDE_SOURCE;
				MTL_FAST_MATH = YES;
				ONLY_ACTIVE_ARCH = YES;
				SDKROOT = iphoneos;
				SWIFT_ACTIVE_COMPILATION_CONDITIONS = DEBUG;
				SWIFT_OPTIMIZATION_LEVEL = "-Onone";
			};
			name = Debug;
		};
		7004CF8724ADF8D1005E0416 /* Release */ = {
			isa = XCBuildConfiguration;
			buildSettings = {
				ALWAYS_SEARCH_USER_PATHS = NO;
				CLANG_ANALYZER_NONNULL = YES;
				CLANG_ANALYZER_NUMBER_OBJECT_CONVERSION = YES_AGGRESSIVE;
				CLANG_CXX_LANGUAGE_STANDARD = "gnu++14";
				CLANG_CXX_LIBRARY = "libc++";
				CLANG_ENABLE_MODULES = YES;
				CLANG_ENABLE_OBJC_ARC = YES;
				CLANG_ENABLE_OBJC_WEAK = YES;
				CLANG_WARN_BLOCK_CAPTURE_AUTORELEASING = YES;
				CLANG_WARN_BOOL_CONVERSION = YES;
				CLANG_WARN_COMMA = YES;
				CLANG_WARN_CONSTANT_CONVERSION = YES;
				CLANG_WARN_DEPRECATED_OBJC_IMPLEMENTATIONS = YES;
				CLANG_WARN_DIRECT_OBJC_ISA_USAGE = YES_ERROR;
				CLANG_WARN_DOCUMENTATION_COMMENTS = YES;
				CLANG_WARN_EMPTY_BODY = YES;
				CLANG_WARN_ENUM_CONVERSION = YES;
				CLANG_WARN_INFINITE_RECURSION = YES;
				CLANG_WARN_INT_CONVERSION = YES;
				CLANG_WARN_NON_LITERAL_NULL_CONVERSION = YES;
				CLANG_WARN_OBJC_IMPLICIT_RETAIN_SELF = YES;
				CLANG_WARN_OBJC_LITERAL_CONVERSION = YES;
				CLANG_WARN_OBJC_ROOT_CLASS = YES_ERROR;
				CLANG_WARN_RANGE_LOOP_ANALYSIS = YES;
				CLANG_WARN_STRICT_PROTOTYPES = YES;
				CLANG_WARN_SUSPICIOUS_MOVE = YES;
				CLANG_WARN_UNGUARDED_AVAILABILITY = YES_AGGRESSIVE;
				CLANG_WARN_UNREACHABLE_CODE = YES;
				CLANG_WARN__DUPLICATE_METHOD_MATCH = YES;
				COPY_PHASE_STRIP = NO;
				DEBUG_INFORMATION_FORMAT = "dwarf-with-dsym";
				ENABLE_NS_ASSERTIONS = NO;
				ENABLE_STRICT_OBJC_MSGSEND = YES;
				GCC_C_LANGUAGE_STANDARD = gnu11;
				GCC_NO_COMMON_BLOCKS = YES;
				GCC_WARN_64_TO_32_BIT_CONVERSION = YES;
				GCC_WARN_ABOUT_RETURN_TYPE = YES_ERROR;
				GCC_WARN_UNDECLARED_SELECTOR = YES;
				GCC_WARN_UNINITIALIZED_AUTOS = YES_AGGRESSIVE;
				GCC_WARN_UNUSED_FUNCTION = YES;
				GCC_WARN_UNUSED_VARIABLE = YES;
				IPHONEOS_DEPLOYMENT_TARGET = 13.2;
				MTL_ENABLE_DEBUG_INFO = NO;
				MTL_FAST_MATH = YES;
				SDKROOT = iphoneos;
				SWIFT_COMPILATION_MODE = wholemodule;
				SWIFT_OPTIMIZATION_LEVEL = "-O";
				VALIDATE_PRODUCT = YES;
			};
			name = Release;
		};
		7004CF8924ADF8D1005E0416 /* Debug */ = {
			isa = XCBuildConfiguration;
			buildSettings = {
				ASSETCATALOG_COMPILER_APPICON_NAME = AppIcon;
				CODE_SIGN_STYLE = Automatic;
				DEVELOPMENT_ASSET_PATHS = "\"Weibo/Preview Content\"";
				DEVELOPMENT_TEAM = X6BQ9M5M46;
				ENABLE_PREVIEWS = YES;
				INFOPLIST_FILE = Weibo/Info.plist;
				IPHONEOS_DEPLOYMENT_TARGET = 13.1;
				LD_RUNPATH_SEARCH_PATHS = (
					"$(inherited)",
					"@executable_path/Frameworks",
				);
				PRODUCT_BUNDLE_IDENTIFIER = lwnlwn987.Weibo;
				PRODUCT_NAME = "$(TARGET_NAME)";
				SWIFT_VERSION = 5.0;
				TARGETED_DEVICE_FAMILY = "1,2";
			};
			name = Debug;
		};
		7004CF8A24ADF8D1005E0416 /* Release */ = {
			isa = XCBuildConfiguration;
			buildSettings = {
				ASSETCATALOG_COMPILER_APPICON_NAME = AppIcon;
				CODE_SIGN_STYLE = Automatic;
				DEVELOPMENT_ASSET_PATHS = "\"Weibo/Preview Content\"";
				DEVELOPMENT_TEAM = X6BQ9M5M46;
				ENABLE_PREVIEWS = YES;
				INFOPLIST_FILE = Weibo/Info.plist;
				IPHONEOS_DEPLOYMENT_TARGET = 13.1;
				LD_RUNPATH_SEARCH_PATHS = (
					"$(inherited)",
					"@executable_path/Frameworks",
				);
				PRODUCT_BUNDLE_IDENTIFIER = lwnlwn987.Weibo;
				PRODUCT_NAME = "$(TARGET_NAME)";
				SWIFT_VERSION = 5.0;
				TARGETED_DEVICE_FAMILY = "1,2";
			};
			name = Release;
		};
/* End XCBuildConfiguration section */

/* Begin XCConfigurationList section */
		7004CF6F24ADF8CE005E0416 /* Build configuration list for PBXProject "Weibo" */ = {
			isa = XCConfigurationList;
			buildConfigurations = (
				7004CF8624ADF8D1005E0416 /* Debug */,
				7004CF8724ADF8D1005E0416 /* Release */,
			);
			defaultConfigurationIsVisible = 0;
			defaultConfigurationName = Release;
		};
		7004CF8824ADF8D1005E0416 /* Build configuration list for PBXNativeTarget "Weibo" */ = {
			isa = XCConfigurationList;
			buildConfigurations = (
				7004CF8924ADF8D1005E0416 /* Debug */,
				7004CF8A24ADF8D1005E0416 /* Release */,
			);
			defaultConfigurationIsVisible = 0;
			defaultConfigurationName = Release;
		};
/* End XCConfigurationList section */
	};
	rootObject = 7004CF6C24ADF8CE005E0416 /* Project object */;
}
